// !$*UTF8*$!
{
	archiveVersion = 1;
	classes = {
	};
	objectVersion = 48;
	objects = {

/* Begin PBXBuildFile section */
		31DDD3D6C8C698EDB8538374 /* Pods_PhotoSlider.framework in Frameworks */ = {isa = PBXBuildFile; fileRef = F3F081501A3A13CDC9DCCA14 /* Pods_PhotoSlider.framework */; };
		77A8AD828E0871CA9E8F1512 /* Pods_PhotoSliderTests.framework in Frameworks */ = {isa = PBXBuildFile; fileRef = D0DE2501445D3BC3157542DD /* Pods_PhotoSliderTests.framework */; };
		9944D25D1FD9682A00E9540D /* AppDelegate.swift in Sources */ = {isa = PBXBuildFile; fileRef = 9944D25C1FD9682A00E9540D /* AppDelegate.swift */; };
		9944D2641FD9682A00E9540D /* Assets.xcassets in Resources */ = {isa = PBXBuildFile; fileRef = 9944D2631FD9682A00E9540D /* Assets.xcassets */; };
		9944D2671FD9682A00E9540D /* LaunchScreen.storyboard in Resources */ = {isa = PBXBuildFile; fileRef = 9944D2651FD9682A00E9540D /* LaunchScreen.storyboard */; };
		9944D2721FD9682A00E9540D /* PhotoSliderTests.swift in Sources */ = {isa = PBXBuildFile; fileRef = 9944D2711FD9682A00E9540D /* PhotoSliderTests.swift */; };
		9944D27D1FD9682A00E9540D /* PhotoSliderUITests.swift in Sources */ = {isa = PBXBuildFile; fileRef = 9944D27C1FD9682A00E9540D /* PhotoSliderUITests.swift */; };
		9944D2911FD9733500E9540D /* FlickrAPI.swift in Sources */ = {isa = PBXBuildFile; fileRef = 9944D2901FD9733500E9540D /* FlickrAPI.swift */; };
		9944D2961FD9742A00E9540D /* URL.swift in Sources */ = {isa = PBXBuildFile; fileRef = 9944D2951FD9742A00E9540D /* URL.swift */; };
		9944D2991FD976EC00E9540D /* FlickrPhotoRepository.swift in Sources */ = {isa = PBXBuildFile; fileRef = 9944D2981FD976EC00E9540D /* FlickrPhotoRepository.swift */; };
		9944D29C1FD976FB00E9540D /* FlickrPhotoRepositoryImpl.swift in Sources */ = {isa = PBXBuildFile; fileRef = 9944D29B1FD976FB00E9540D /* FlickrPhotoRepositoryImpl.swift */; };
		995C30ED1FDB718A00734CF9 /* PhotoSliderViewModel.swift in Sources */ = {isa = PBXBuildFile; fileRef = 995C30EC1FDB718A00734CF9 /* PhotoSliderViewModel.swift */; };
		998128B31FD99F08000BA631 /* Container.swift in Sources */ = {isa = PBXBuildFile; fileRef = 998128B21FD99F08000BA631 /* Container.swift */; };
		99BF12D31FDA888000C64AE4 /* PhotoSliderView.swift in Sources */ = {isa = PBXBuildFile; fileRef = 99BF12D21FDA888000C64AE4 /* PhotoSliderView.swift */; };
		99E263091FD9896300332F64 /* ImageTarget.swift in Sources */ = {isa = PBXBuildFile; fileRef = 99E263081FD9896300332F64 /* ImageTarget.swift */; };
		99E2630C1FD98A5900332F64 /* ImageRepository.swift in Sources */ = {isa = PBXBuildFile; fileRef = 99E2630B1FD98A5900332F64 /* ImageRepository.swift */; };
		99E2630E1FD98A6200332F64 /* ImageRepositoryImpl.swift in Sources */ = {isa = PBXBuildFile; fileRef = 99E2630D1FD98A6200332F64 /* ImageRepositoryImpl.swift */; };
		99E263151FD994A700332F64 /* PhotoService.swift in Sources */ = {isa = PBXBuildFile; fileRef = 99E263141FD994A700332F64 /* PhotoService.swift */; };
		99E263171FD994B400332F64 /* PhotoServiceImpl.swift in Sources */ = {isa = PBXBuildFile; fileRef = 99E263161FD994B400332F64 /* PhotoServiceImpl.swift */; };
		99F22B091FD9BF2E007CED3F /* FadingImageView.swift in Sources */ = {isa = PBXBuildFile; fileRef = 99F22B081FD9BF2E007CED3F /* FadingImageView.swift */; };
		F0E83D2FCA3CC8B1DE466EB5 /* Pods_PhotoSliderUITests.framework in Frameworks */ = {isa = PBXBuildFile; fileRef = E719E812933C4AC639D5EFC9 /* Pods_PhotoSliderUITests.framework */; };
/* End PBXBuildFile section */

/* Begin PBXContainerItemProxy section */
		9944D26E1FD9682A00E9540D /* PBXContainerItemProxy */ = {
			isa = PBXContainerItemProxy;
			containerPortal = 9944D2511FD9682A00E9540D /* Project object */;
			proxyType = 1;
			remoteGlobalIDString = 9944D2581FD9682A00E9540D;
			remoteInfo = PhotoSlider;
		};
		9944D2791FD9682A00E9540D /* PBXContainerItemProxy */ = {
			isa = PBXContainerItemProxy;
			containerPortal = 9944D2511FD9682A00E9540D /* Project object */;
			proxyType = 1;
			remoteGlobalIDString = 9944D2581FD9682A00E9540D;
			remoteInfo = PhotoSlider;
		};
/* End PBXContainerItemProxy section */

/* Begin PBXFileReference section */
		394A3F925C327055ED877CE4 /* Pods-PhotoSliderUITests.release.xcconfig */ = {isa = PBXFileReference; includeInIndex = 1; lastKnownFileType = text.xcconfig; name = "Pods-PhotoSliderUITests.release.xcconfig"; path = "Pods/Target Support Files/Pods-PhotoSliderUITests/Pods-PhotoSliderUITests.release.xcconfig"; sourceTree = "<group>"; };
		7D106F0F260348CCC75111CB /* Pods-PhotoSliderTests.release.xcconfig */ = {isa = PBXFileReference; includeInIndex = 1; lastKnownFileType = text.xcconfig; name = "Pods-PhotoSliderTests.release.xcconfig"; path = "Pods/Target Support Files/Pods-PhotoSliderTests/Pods-PhotoSliderTests.release.xcconfig"; sourceTree = "<group>"; };
		9944D2591FD9682A00E9540D /* PhotoSlider.app */ = {isa = PBXFileReference; explicitFileType = wrapper.application; includeInIndex = 0; path = PhotoSlider.app; sourceTree = BUILT_PRODUCTS_DIR; };
		9944D25C1FD9682A00E9540D /* AppDelegate.swift */ = {isa = PBXFileReference; lastKnownFileType = sourcecode.swift; path = AppDelegate.swift; sourceTree = "<group>"; };
		9944D2631FD9682A00E9540D /* Assets.xcassets */ = {isa = PBXFileReference; lastKnownFileType = folder.assetcatalog; path = Assets.xcassets; sourceTree = "<group>"; };
		9944D2661FD9682A00E9540D /* Base */ = {isa = PBXFileReference; lastKnownFileType = file.storyboard; name = Base; path = Base.lproj/LaunchScreen.storyboard; sourceTree = "<group>"; };
		9944D2681FD9682A00E9540D /* Info.plist */ = {isa = PBXFileReference; lastKnownFileType = text.plist.xml; path = Info.plist; sourceTree = "<group>"; };
		9944D26D1FD9682A00E9540D /* PhotoSliderTests.xctest */ = {isa = PBXFileReference; explicitFileType = wrapper.cfbundle; includeInIndex = 0; path = PhotoSliderTests.xctest; sourceTree = BUILT_PRODUCTS_DIR; };
		9944D2711FD9682A00E9540D /* PhotoSliderTests.swift */ = {isa = PBXFileReference; lastKnownFileType = sourcecode.swift; path = PhotoSliderTests.swift; sourceTree = "<group>"; };
		9944D2731FD9682A00E9540D /* Info.plist */ = {isa = PBXFileReference; lastKnownFileType = text.plist.xml; path = Info.plist; sourceTree = "<group>"; };
		9944D2781FD9682A00E9540D /* PhotoSliderUITests.xctest */ = {isa = PBXFileReference; explicitFileType = wrapper.cfbundle; includeInIndex = 0; path = PhotoSliderUITests.xctest; sourceTree = BUILT_PRODUCTS_DIR; };
		9944D27C1FD9682A00E9540D /* PhotoSliderUITests.swift */ = {isa = PBXFileReference; lastKnownFileType = sourcecode.swift; path = PhotoSliderUITests.swift; sourceTree = "<group>"; };
		9944D27E1FD9682A00E9540D /* Info.plist */ = {isa = PBXFileReference; lastKnownFileType = text.plist.xml; path = Info.plist; sourceTree = "<group>"; };
		9944D2901FD9733500E9540D /* FlickrAPI.swift */ = {isa = PBXFileReference; lastKnownFileType = sourcecode.swift; path = FlickrAPI.swift; sourceTree = "<group>"; };
		9944D2951FD9742A00E9540D /* URL.swift */ = {isa = PBXFileReference; lastKnownFileType = sourcecode.swift; path = URL.swift; sourceTree = "<group>"; };
		9944D2981FD976EC00E9540D /* FlickrPhotoRepository.swift */ = {isa = PBXFileReference; lastKnownFileType = sourcecode.swift; path = FlickrPhotoRepository.swift; sourceTree = "<group>"; };
		9944D29B1FD976FB00E9540D /* FlickrPhotoRepositoryImpl.swift */ = {isa = PBXFileReference; lastKnownFileType = sourcecode.swift; path = FlickrPhotoRepositoryImpl.swift; sourceTree = "<group>"; };
		995C30EC1FDB718A00734CF9 /* PhotoSliderViewModel.swift */ = {isa = PBXFileReference; lastKnownFileType = sourcecode.swift; path = PhotoSliderViewModel.swift; sourceTree = "<group>"; };
		998128B21FD99F08000BA631 /* Container.swift */ = {isa = PBXFileReference; lastKnownFileType = sourcecode.swift; path = Container.swift; sourceTree = "<group>"; };
		99BF12D21FDA888000C64AE4 /* PhotoSliderView.swift */ = {isa = PBXFileReference; lastKnownFileType = sourcecode.swift; path = PhotoSliderView.swift; sourceTree = "<group>"; };
		99E263081FD9896300332F64 /* ImageTarget.swift */ = {isa = PBXFileReference; lastKnownFileType = sourcecode.swift; path = ImageTarget.swift; sourceTree = "<group>"; };
		99E2630B1FD98A5900332F64 /* ImageRepository.swift */ = {isa = PBXFileReference; lastKnownFileType = sourcecode.swift; path = ImageRepository.swift; sourceTree = "<group>"; };
		99E2630D1FD98A6200332F64 /* ImageRepositoryImpl.swift */ = {isa = PBXFileReference; lastKnownFileType = sourcecode.swift; path = ImageRepositoryImpl.swift; sourceTree = "<group>"; };
		99E263141FD994A700332F64 /* PhotoService.swift */ = {isa = PBXFileReference; lastKnownFileType = sourcecode.swift; path = PhotoService.swift; sourceTree = "<group>"; };
		99E263161FD994B400332F64 /* PhotoServiceImpl.swift */ = {isa = PBXFileReference; lastKnownFileType = sourcecode.swift; path = PhotoServiceImpl.swift; sourceTree = "<group>"; };
		99F22B081FD9BF2E007CED3F /* FadingImageView.swift */ = {isa = PBXFileReference; lastKnownFileType = sourcecode.swift; path = FadingImageView.swift; sourceTree = "<group>"; };
		9BBD39D0921683D4EADE20EA /* Pods-PhotoSlider.release.xcconfig */ = {isa = PBXFileReference; includeInIndex = 1; lastKnownFileType = text.xcconfig; name = "Pods-PhotoSlider.release.xcconfig"; path = "Pods/Target Support Files/Pods-PhotoSlider/Pods-PhotoSlider.release.xcconfig"; sourceTree = "<group>"; };
		AD1FEC45B1493CCD9FBAAB66 /* Pods-PhotoSliderTests.debug.xcconfig */ = {isa = PBXFileReference; includeInIndex = 1; lastKnownFileType = text.xcconfig; name = "Pods-PhotoSliderTests.debug.xcconfig"; path = "Pods/Target Support Files/Pods-PhotoSliderTests/Pods-PhotoSliderTests.debug.xcconfig"; sourceTree = "<group>"; };
		CEAED36262C60E2A3A10D7C5 /* Pods-PhotoSlider.debug.xcconfig */ = {isa = PBXFileReference; includeInIndex = 1; lastKnownFileType = text.xcconfig; name = "Pods-PhotoSlider.debug.xcconfig"; path = "Pods/Target Support Files/Pods-PhotoSlider/Pods-PhotoSlider.debug.xcconfig"; sourceTree = "<group>"; };
		D0DE2501445D3BC3157542DD /* Pods_PhotoSliderTests.framework */ = {isa = PBXFileReference; explicitFileType = wrapper.framework; includeInIndex = 0; path = Pods_PhotoSliderTests.framework; sourceTree = BUILT_PRODUCTS_DIR; };
		D9077740785E74B0B5E1B2B7 /* Pods-PhotoSliderUITests.debug.xcconfig */ = {isa = PBXFileReference; includeInIndex = 1; lastKnownFileType = text.xcconfig; name = "Pods-PhotoSliderUITests.debug.xcconfig"; path = "Pods/Target Support Files/Pods-PhotoSliderUITests/Pods-PhotoSliderUITests.debug.xcconfig"; sourceTree = "<group>"; };
		E719E812933C4AC639D5EFC9 /* Pods_PhotoSliderUITests.framework */ = {isa = PBXFileReference; explicitFileType = wrapper.framework; includeInIndex = 0; path = Pods_PhotoSliderUITests.framework; sourceTree = BUILT_PRODUCTS_DIR; };
		F3F081501A3A13CDC9DCCA14 /* Pods_PhotoSlider.framework */ = {isa = PBXFileReference; explicitFileType = wrapper.framework; includeInIndex = 0; path = Pods_PhotoSlider.framework; sourceTree = BUILT_PRODUCTS_DIR; };
/* End PBXFileReference section */

/* Begin PBXFrameworksBuildPhase section */
		9944D2561FD9682A00E9540D /* Frameworks */ = {
			isa = PBXFrameworksBuildPhase;
			buildActionMask = 2147483647;
			files = (
				31DDD3D6C8C698EDB8538374 /* Pods_PhotoSlider.framework in Frameworks */,
			);
			runOnlyForDeploymentPostprocessing = 0;
		};
		9944D26A1FD9682A00E9540D /* Frameworks */ = {
			isa = PBXFrameworksBuildPhase;
			buildActionMask = 2147483647;
			files = (
				77A8AD828E0871CA9E8F1512 /* Pods_PhotoSliderTests.framework in Frameworks */,
			);
			runOnlyForDeploymentPostprocessing = 0;
		};
		9944D2751FD9682A00E9540D /* Frameworks */ = {
			isa = PBXFrameworksBuildPhase;
			buildActionMask = 2147483647;
			files = (
				F0E83D2FCA3CC8B1DE466EB5 /* Pods_PhotoSliderUITests.framework in Frameworks */,
			);
			runOnlyForDeploymentPostprocessing = 0;
		};
/* End PBXFrameworksBuildPhase section */

/* Begin PBXGroup section */
		3C83105B374507F82191F7B1 /* Pods */ = {
			isa = PBXGroup;
			children = (
				CEAED36262C60E2A3A10D7C5 /* Pods-PhotoSlider.debug.xcconfig */,
				9BBD39D0921683D4EADE20EA /* Pods-PhotoSlider.release.xcconfig */,
				AD1FEC45B1493CCD9FBAAB66 /* Pods-PhotoSliderTests.debug.xcconfig */,
				7D106F0F260348CCC75111CB /* Pods-PhotoSliderTests.release.xcconfig */,
				D9077740785E74B0B5E1B2B7 /* Pods-PhotoSliderUITests.debug.xcconfig */,
				394A3F925C327055ED877CE4 /* Pods-PhotoSliderUITests.release.xcconfig */,
			);
			name = Pods;
			sourceTree = "<group>";
		};
		9944D2501FD9682A00E9540D = {
			isa = PBXGroup;
			children = (
				9944D25B1FD9682A00E9540D /* PhotoSlider */,
				9944D2701FD9682A00E9540D /* PhotoSliderTests */,
				9944D27B1FD9682A00E9540D /* PhotoSliderUITests */,
				9944D25A1FD9682A00E9540D /* Products */,
				3C83105B374507F82191F7B1 /* Pods */,
				E9AB6AA7DA7368CB3BF53417 /* Frameworks */,
			);
			sourceTree = "<group>";
		};
		9944D25A1FD9682A00E9540D /* Products */ = {
			isa = PBXGroup;
			children = (
				9944D2591FD9682A00E9540D /* PhotoSlider.app */,
				9944D26D1FD9682A00E9540D /* PhotoSliderTests.xctest */,
				9944D2781FD9682A00E9540D /* PhotoSliderUITests.xctest */,
			);
			name = Products;
			sourceTree = "<group>";
		};
		9944D25B1FD9682A00E9540D /* PhotoSlider */ = {
			isa = PBXGroup;
			children = (
				9944D28C1FD9707C00E9540D /* Support */,
				9944D28B1FD9701E00E9540D /* Resources */,
				9944D28A1FD96FF000E9540D /* Sources */,
			);
			path = PhotoSlider;
			sourceTree = "<group>";
		};
		9944D2701FD9682A00E9540D /* PhotoSliderTests */ = {
			isa = PBXGroup;
			children = (
				9944D2711FD9682A00E9540D /* PhotoSliderTests.swift */,
				9944D2731FD9682A00E9540D /* Info.plist */,
			);
			path = PhotoSliderTests;
			sourceTree = "<group>";
		};
		9944D27B1FD9682A00E9540D /* PhotoSliderUITests */ = {
			isa = PBXGroup;
			children = (
				9944D27C1FD9682A00E9540D /* PhotoSliderUITests.swift */,
				9944D27E1FD9682A00E9540D /* Info.plist */,
			);
			path = PhotoSliderUITests;
			sourceTree = "<group>";
		};
		9944D28A1FD96FF000E9540D /* Sources */ = {
			isa = PBXGroup;
			children = (
				9944D2921FD973A900E9540D /* Extensions */,
				9944D28D1FD972A800E9540D /* Data */,
				998128AF1FD99EE3000BA631 /* Dependency Container */,
				9944D28E1FD972DA00E9540D /* Repository */,
				9944D28F1FD972F000E9540D /* Service */,
				998128AE1FD99E1F000BA631 /* Presentation */,
				9944D25C1FD9682A00E9540D /* AppDelegate.swift */,
			);
			path = Sources;
			sourceTree = "<group>";
		};
		9944D28B1FD9701E00E9540D /* Resources */ = {
			isa = PBXGroup;
			children = (
				9944D2631FD9682A00E9540D /* Assets.xcassets */,
				9944D2651FD9682A00E9540D /* LaunchScreen.storyboard */,
			);
			path = Resources;
			sourceTree = "<group>";
		};
		9944D28C1FD9707C00E9540D /* Support */ = {
			isa = PBXGroup;
			children = (
				9944D2681FD9682A00E9540D /* Info.plist */,
			);
			path = Support;
			sourceTree = "<group>";
		};
		9944D28D1FD972A800E9540D /* Data */ = {
			isa = PBXGroup;
			children = (
				9944D2901FD9733500E9540D /* FlickrAPI.swift */,
				99E263081FD9896300332F64 /* ImageTarget.swift */,
			);
			path = Data;
			sourceTree = "<group>";
		};
		9944D28E1FD972DA00E9540D /* Repository */ = {
			isa = PBXGroup;
			children = (
				9944D2971FD976B900E9540D /* Flickr Photo */,
				99E2630A1FD98A4200332F64 /* Image */,
			);
			path = Repository;
			sourceTree = "<group>";
		};
		9944D28F1FD972F000E9540D /* Service */ = {
			isa = PBXGroup;
			children = (
				99E263111FD993A800332F64 /* Photo */,
			);
			path = Service;
			sourceTree = "<group>";
		};
		9944D2921FD973A900E9540D /* Extensions */ = {
			isa = PBXGroup;
			children = (
				9944D2951FD9742A00E9540D /* URL.swift */,
			);
			path = Extensions;
			sourceTree = "<group>";
		};
		9944D2971FD976B900E9540D /* Flickr Photo */ = {
			isa = PBXGroup;
			children = (
				9944D2981FD976EC00E9540D /* FlickrPhotoRepository.swift */,
				9944D29B1FD976FB00E9540D /* FlickrPhotoRepositoryImpl.swift */,
			);
			path = "Flickr Photo";
			sourceTree = "<group>";
		};
		998128AE1FD99E1F000BA631 /* Presentation */ = {
			isa = PBXGroup;
			children = (
				99BF12D41FDA888600C64AE4 /* Photo Slider */,
			);
			path = Presentation;
			sourceTree = "<group>";
		};
		998128AF1FD99EE3000BA631 /* Dependency Container */ = {
			isa = PBXGroup;
			children = (
				998128B21FD99F08000BA631 /* Container.swift */,
			);
			path = "Dependency Container";
			sourceTree = "<group>";
		};
		99BF12D41FDA888600C64AE4 /* Photo Slider */ = {
			isa = PBXGroup;
			children = (
				99F22B081FD9BF2E007CED3F /* FadingImageView.swift */,
				99BF12D21FDA888000C64AE4 /* PhotoSliderView.swift */,
				995C30EC1FDB718A00734CF9 /* PhotoSliderViewModel.swift */,
			);
			path = "Photo Slider";
			sourceTree = "<group>";
		};
		99E2630A1FD98A4200332F64 /* Image */ = {
			isa = PBXGroup;
			children = (
				99E2630B1FD98A5900332F64 /* ImageRepository.swift */,
				99E2630D1FD98A6200332F64 /* ImageRepositoryImpl.swift */,
			);
			path = Image;
			sourceTree = "<group>";
		};
		99E263111FD993A800332F64 /* Photo */ = {
			isa = PBXGroup;
			children = (
				99E263141FD994A700332F64 /* PhotoService.swift */,
				99E263161FD994B400332F64 /* PhotoServiceImpl.swift */,
			);
			path = Photo;
			sourceTree = "<group>";
		};
		E9AB6AA7DA7368CB3BF53417 /* Frameworks */ = {
			isa = PBXGroup;
			children = (
				F3F081501A3A13CDC9DCCA14 /* Pods_PhotoSlider.framework */,
				D0DE2501445D3BC3157542DD /* Pods_PhotoSliderTests.framework */,
				E719E812933C4AC639D5EFC9 /* Pods_PhotoSliderUITests.framework */,
			);
			name = Frameworks;
			sourceTree = "<group>";
		};
/* End PBXGroup section */

/* Begin PBXNativeTarget section */
		9944D2581FD9682A00E9540D /* PhotoSlider */ = {
			isa = PBXNativeTarget;
			buildConfigurationList = 9944D2811FD9682A00E9540D /* Build configuration list for PBXNativeTarget "PhotoSlider" */;
			buildPhases = (
				0C5CA485198486978B7CD2F3 /* [CP] Check Pods Manifest.lock */,
				9944D2551FD9682A00E9540D /* Sources */,
				9944D2561FD9682A00E9540D /* Frameworks */,
				9944D2571FD9682A00E9540D /* Resources */,
				D93AE837119714432F1CE8E9 /* [CP] Embed Pods Frameworks */,
				E5CB8E08642DFFF297E27F8A /* [CP] Copy Pods Resources */,
			);
			buildRules = (
			);
			dependencies = (
			);
			name = PhotoSlider;
			productName = PhotoSlider;
			productReference = 9944D2591FD9682A00E9540D /* PhotoSlider.app */;
			productType = "com.apple.product-type.application";
		};
		9944D26C1FD9682A00E9540D /* PhotoSliderTests */ = {
			isa = PBXNativeTarget;
			buildConfigurationList = 9944D2841FD9682A00E9540D /* Build configuration list for PBXNativeTarget "PhotoSliderTests" */;
			buildPhases = (
				EDC4A602CBD62112853FAF93 /* [CP] Check Pods Manifest.lock */,
				9944D2691FD9682A00E9540D /* Sources */,
				9944D26A1FD9682A00E9540D /* Frameworks */,
				9944D26B1FD9682A00E9540D /* Resources */,
				735ED5230054EA3B6DA1A867 /* [CP] Embed Pods Frameworks */,
				EE1AE103BA0AA211FDD20135 /* [CP] Copy Pods Resources */,
			);
			buildRules = (
			);
			dependencies = (
				9944D26F1FD9682A00E9540D /* PBXTargetDependency */,
			);
			name = PhotoSliderTests;
			productName = PhotoSliderTests;
			productReference = 9944D26D1FD9682A00E9540D /* PhotoSliderTests.xctest */;
			productType = "com.apple.product-type.bundle.unit-test";
		};
		9944D2771FD9682A00E9540D /* PhotoSliderUITests */ = {
			isa = PBXNativeTarget;
			buildConfigurationList = 9944D2871FD9682A00E9540D /* Build configuration list for PBXNativeTarget "PhotoSliderUITests" */;
			buildPhases = (
				AA77776810DDBE328229B44E /* [CP] Check Pods Manifest.lock */,
				9944D2741FD9682A00E9540D /* Sources */,
				9944D2751FD9682A00E9540D /* Frameworks */,
				9944D2761FD9682A00E9540D /* Resources */,
				1C6282D9B0A9FCBAEEB0C7DB /* [CP] Embed Pods Frameworks */,
				28ACECA47B6020EA8C7786A1 /* [CP] Copy Pods Resources */,
			);
			buildRules = (
			);
			dependencies = (
				9944D27A1FD9682A00E9540D /* PBXTargetDependency */,
			);
			name = PhotoSliderUITests;
			productName = PhotoSliderUITests;
			productReference = 9944D2781FD9682A00E9540D /* PhotoSliderUITests.xctest */;
			productType = "com.apple.product-type.bundle.ui-testing";
		};
/* End PBXNativeTarget section */

/* Begin PBXProject section */
		9944D2511FD9682A00E9540D /* Project object */ = {
			isa = PBXProject;
			attributes = {
				LastSwiftUpdateCheck = 0900;
				LastUpgradeCheck = 0900;
				ORGANIZATIONNAME = "Dooho Chang";
				TargetAttributes = {
					9944D2581FD9682A00E9540D = {
						CreatedOnToolsVersion = 9.0.1;
						ProvisioningStyle = Automatic;
					};
					9944D26C1FD9682A00E9540D = {
						CreatedOnToolsVersion = 9.0.1;
						ProvisioningStyle = Automatic;
						TestTargetID = 9944D2581FD9682A00E9540D;
					};
					9944D2771FD9682A00E9540D = {
						CreatedOnToolsVersion = 9.0.1;
						ProvisioningStyle = Automatic;
						TestTargetID = 9944D2581FD9682A00E9540D;
					};
				};
			};
			buildConfigurationList = 9944D2541FD9682A00E9540D /* Build configuration list for PBXProject "PhotoSlider" */;
			compatibilityVersion = "Xcode 8.0";
			developmentRegion = en;
			hasScannedForEncodings = 0;
			knownRegions = (
				en,
				Base,
			);
			mainGroup = 9944D2501FD9682A00E9540D;
			productRefGroup = 9944D25A1FD9682A00E9540D /* Products */;
			projectDirPath = "";
			projectRoot = "";
			targets = (
				9944D2581FD9682A00E9540D /* PhotoSlider */,
				9944D26C1FD9682A00E9540D /* PhotoSliderTests */,
				9944D2771FD9682A00E9540D /* PhotoSliderUITests */,
			);
		};
/* End PBXProject section */

/* Begin PBXResourcesBuildPhase section */
		9944D2571FD9682A00E9540D /* Resources */ = {
			isa = PBXResourcesBuildPhase;
			buildActionMask = 2147483647;
			files = (
				9944D2671FD9682A00E9540D /* LaunchScreen.storyboard in Resources */,
				9944D2641FD9682A00E9540D /* Assets.xcassets in Resources */,
			);
			runOnlyForDeploymentPostprocessing = 0;
		};
		9944D26B1FD9682A00E9540D /* Resources */ = {
			isa = PBXResourcesBuildPhase;
			buildActionMask = 2147483647;
			files = (
			);
			runOnlyForDeploymentPostprocessing = 0;
		};
		9944D2761FD9682A00E9540D /* Resources */ = {
			isa = PBXResourcesBuildPhase;
			buildActionMask = 2147483647;
			files = (
			);
			runOnlyForDeploymentPostprocessing = 0;
		};
/* End PBXResourcesBuildPhase section */

/* Begin PBXShellScriptBuildPhase section */
		0C5CA485198486978B7CD2F3 /* [CP] Check Pods Manifest.lock */ = {
			isa = PBXShellScriptBuildPhase;
			buildActionMask = 2147483647;
			files = (
			);
			inputPaths = (
				"${PODS_PODFILE_DIR_PATH}/Podfile.lock",
				"${PODS_ROOT}/Manifest.lock",
			);
			name = "[CP] Check Pods Manifest.lock";
			outputPaths = (
				"$(DERIVED_FILE_DIR)/Pods-PhotoSlider-checkManifestLockResult.txt",
			);
			runOnlyForDeploymentPostprocessing = 0;
			shellPath = /bin/sh;
			shellScript = "diff \"${PODS_PODFILE_DIR_PATH}/Podfile.lock\" \"${PODS_ROOT}/Manifest.lock\" > /dev/null\nif [ $? != 0 ] ; then\n    # print error to STDERR\n    echo \"error: The sandbox is not in sync with the Podfile.lock. Run 'pod install' or update your CocoaPods installation.\" >&2\n    exit 1\nfi\n# This output is used by Xcode 'outputs' to avoid re-running this script phase.\necho \"SUCCESS\" > \"${SCRIPT_OUTPUT_FILE_0}\"\n";
			showEnvVarsInLog = 0;
		};
		1C6282D9B0A9FCBAEEB0C7DB /* [CP] Embed Pods Frameworks */ = {
			isa = PBXShellScriptBuildPhase;
			buildActionMask = 2147483647;
			files = (
			);
			inputPaths = (
			);
			name = "[CP] Embed Pods Frameworks";
			outputPaths = (
			);
			runOnlyForDeploymentPostprocessing = 0;
			shellPath = /bin/sh;
			shellScript = "\"${SRCROOT}/Pods/Target Support Files/Pods-PhotoSliderUITests/Pods-PhotoSliderUITests-frameworks.sh\"\n";
			showEnvVarsInLog = 0;
		};
		28ACECA47B6020EA8C7786A1 /* [CP] Copy Pods Resources */ = {
			isa = PBXShellScriptBuildPhase;
			buildActionMask = 2147483647;
			files = (
			);
			inputPaths = (
			);
			name = "[CP] Copy Pods Resources";
			outputPaths = (
			);
			runOnlyForDeploymentPostprocessing = 0;
			shellPath = /bin/sh;
			shellScript = "\"${SRCROOT}/Pods/Target Support Files/Pods-PhotoSliderUITests/Pods-PhotoSliderUITests-resources.sh\"\n";
			showEnvVarsInLog = 0;
		};
		735ED5230054EA3B6DA1A867 /* [CP] Embed Pods Frameworks */ = {
			isa = PBXShellScriptBuildPhase;
			buildActionMask = 2147483647;
			files = (
			);
			inputPaths = (
			);
			name = "[CP] Embed Pods Frameworks";
			outputPaths = (
			);
			runOnlyForDeploymentPostprocessing = 0;
			shellPath = /bin/sh;
			shellScript = "\"${SRCROOT}/Pods/Target Support Files/Pods-PhotoSliderTests/Pods-PhotoSliderTests-frameworks.sh\"\n";
			showEnvVarsInLog = 0;
		};
		AA77776810DDBE328229B44E /* [CP] Check Pods Manifest.lock */ = {
			isa = PBXShellScriptBuildPhase;
			buildActionMask = 2147483647;
			files = (
			);
			inputPaths = (
				"${PODS_PODFILE_DIR_PATH}/Podfile.lock",
				"${PODS_ROOT}/Manifest.lock",
			);
			name = "[CP] Check Pods Manifest.lock";
			outputPaths = (
				"$(DERIVED_FILE_DIR)/Pods-PhotoSliderUITests-checkManifestLockResult.txt",
			);
			runOnlyForDeploymentPostprocessing = 0;
			shellPath = /bin/sh;
			shellScript = "diff \"${PODS_PODFILE_DIR_PATH}/Podfile.lock\" \"${PODS_ROOT}/Manifest.lock\" > /dev/null\nif [ $? != 0 ] ; then\n    # print error to STDERR\n    echo \"error: The sandbox is not in sync with the Podfile.lock. Run 'pod install' or update your CocoaPods installation.\" >&2\n    exit 1\nfi\n# This output is used by Xcode 'outputs' to avoid re-running this script phase.\necho \"SUCCESS\" > \"${SCRIPT_OUTPUT_FILE_0}\"\n";
			showEnvVarsInLog = 0;
		};
		D93AE837119714432F1CE8E9 /* [CP] Embed Pods Frameworks */ = {
			isa = PBXShellScriptBuildPhase;
			buildActionMask = 2147483647;
			files = (
			);
			inputPaths = (
				"${SRCROOT}/Pods/Target Support Files/Pods-PhotoSlider/Pods-PhotoSlider-frameworks.sh",
				"${BUILT_PRODUCTS_DIR}/Alamofire/Alamofire.framework",
				"${BUILT_PRODUCTS_DIR}/Moya/Moya.framework",
				"${BUILT_PRODUCTS_DIR}/Result/Result.framework",
				"${BUILT_PRODUCTS_DIR}/RxCocoa/RxCocoa.framework",
				"${BUILT_PRODUCTS_DIR}/RxOptional/RxOptional.framework",
				"${BUILT_PRODUCTS_DIR}/RxSwift/RxSwift.framework",
				"${BUILT_PRODUCTS_DIR}/SnapKit/SnapKit.framework",
				"${BUILT_PRODUCTS_DIR}/SwiftyJSON/SwiftyJSON.framework",
				"${BUILT_PRODUCTS_DIR}/Then/Then.framework",
			);
			name = "[CP] Embed Pods Frameworks";
			outputPaths = (
				"${TARGET_BUILD_DIR}/${FRAMEWORKS_FOLDER_PATH}/Alamofire.framework",
				"${TARGET_BUILD_DIR}/${FRAMEWORKS_FOLDER_PATH}/Moya.framework",
				"${TARGET_BUILD_DIR}/${FRAMEWORKS_FOLDER_PATH}/Result.framework",
				"${TARGET_BUILD_DIR}/${FRAMEWORKS_FOLDER_PATH}/RxCocoa.framework",
				"${TARGET_BUILD_DIR}/${FRAMEWORKS_FOLDER_PATH}/RxOptional.framework",
				"${TARGET_BUILD_DIR}/${FRAMEWORKS_FOLDER_PATH}/RxSwift.framework",
				"${TARGET_BUILD_DIR}/${FRAMEWORKS_FOLDER_PATH}/SnapKit.framework",
				"${TARGET_BUILD_DIR}/${FRAMEWORKS_FOLDER_PATH}/SwiftyJSON.framework",
				"${TARGET_BUILD_DIR}/${FRAMEWORKS_FOLDER_PATH}/Then.framework",
			);
			runOnlyForDeploymentPostprocessing = 0;
			shellPath = /bin/sh;
			shellScript = "\"${SRCROOT}/Pods/Target Support Files/Pods-PhotoSlider/Pods-PhotoSlider-frameworks.sh\"\n";
			showEnvVarsInLog = 0;
		};
		E5CB8E08642DFFF297E27F8A /* [CP] Copy Pods Resources */ = {
			isa = PBXShellScriptBuildPhase;
			buildActionMask = 2147483647;
			files = (
			);
			inputPaths = (
			);
			name = "[CP] Copy Pods Resources";
			outputPaths = (
			);
			runOnlyForDeploymentPostprocessing = 0;
			shellPath = /bin/sh;
			shellScript = "\"${SRCROOT}/Pods/Target Support Files/Pods-PhotoSlider/Pods-PhotoSlider-resources.sh\"\n";
			showEnvVarsInLog = 0;
		};
		EDC4A602CBD62112853FAF93 /* [CP] Check Pods Manifest.lock */ = {
			isa = PBXShellScriptBuildPhase;
			buildActionMask = 2147483647;
			files = (
			);
			inputPaths = (
				"${PODS_PODFILE_DIR_PATH}/Podfile.lock",
				"${PODS_ROOT}/Manifest.lock",
			);
			name = "[CP] Check Pods Manifest.lock";
			outputPaths = (
				"$(DERIVED_FILE_DIR)/Pods-PhotoSliderTests-checkManifestLockResult.txt",
			);
			runOnlyForDeploymentPostprocessing = 0;
			shellPath = /bin/sh;
			shellScript = "diff \"${PODS_PODFILE_DIR_PATH}/Podfile.lock\" \"${PODS_ROOT}/Manifest.lock\" > /dev/null\nif [ $? != 0 ] ; then\n    # print error to STDERR\n    echo \"error: The sandbox is not in sync with the Podfile.lock. Run 'pod install' or update your CocoaPods installation.\" >&2\n    exit 1\nfi\n# This output is used by Xcode 'outputs' to avoid re-running this script phase.\necho \"SUCCESS\" > \"${SCRIPT_OUTPUT_FILE_0}\"\n";
			showEnvVarsInLog = 0;
		};
		EE1AE103BA0AA211FDD20135 /* [CP] Copy Pods Resources */ = {
			isa = PBXShellScriptBuildPhase;
			buildActionMask = 2147483647;
			files = (
			);
			inputPaths = (
			);
			name = "[CP] Copy Pods Resources";
			outputPaths = (
			);
			runOnlyForDeploymentPostprocessing = 0;
			shellPath = /bin/sh;
			shellScript = "\"${SRCROOT}/Pods/Target Support Files/Pods-PhotoSliderTests/Pods-PhotoSliderTests-resources.sh\"\n";
			showEnvVarsInLog = 0;
		};
/* End PBXShellScriptBuildPhase section */

/* Begin PBXSourcesBuildPhase section */
		9944D2551FD9682A00E9540D /* Sources */ = {
			isa = PBXSourcesBuildPhase;
			buildActionMask = 2147483647;
			files = (
				99E263171FD994B400332F64 /* PhotoServiceImpl.swift in Sources */,
				99E2630E1FD98A6200332F64 /* ImageRepositoryImpl.swift in Sources */,
				99BF12D31FDA888000C64AE4 /* PhotoSliderView.swift in Sources */,
				9944D29C1FD976FB00E9540D /* FlickrPhotoRepositoryImpl.swift in Sources */,
				99E263151FD994A700332F64 /* PhotoService.swift in Sources */,
				9944D2991FD976EC00E9540D /* FlickrPhotoRepository.swift in Sources */,
				99E2630C1FD98A5900332F64 /* ImageRepository.swift in Sources */,
				9944D25D1FD9682A00E9540D /* AppDelegate.swift in Sources */,
				99F22B091FD9BF2E007CED3F /* FadingImageView.swift in Sources */,
				9944D2911FD9733500E9540D /* FlickrAPI.swift in Sources */,
				995C30ED1FDB718A00734CF9 /* PhotoSliderViewModel.swift in Sources */,
				99E263091FD9896300332F64 /* ImageTarget.swift in Sources */,
				998128B31FD99F08000BA631 /* Container.swift in Sources */,
				9944D2961FD9742A00E9540D /* URL.swift in Sources */,
			);
			runOnlyForDeploymentPostprocessing = 0;
		};
		9944D2691FD9682A00E9540D /* Sources */ = {
			isa = PBXSourcesBuildPhase;
			buildActionMask = 2147483647;
			files = (
				9944D2721FD9682A00E9540D /* PhotoSliderTests.swift in Sources */,
			);
			runOnlyForDeploymentPostprocessing = 0;
		};
		9944D2741FD9682A00E9540D /* Sources */ = {
			isa = PBXSourcesBuildPhase;
			buildActionMask = 2147483647;
			files = (
				9944D27D1FD9682A00E9540D /* PhotoSliderUITests.swift in Sources */,
			);
			runOnlyForDeploymentPostprocessing = 0;
		};
/* End PBXSourcesBuildPhase section */

/* Begin PBXTargetDependency section */
		9944D26F1FD9682A00E9540D /* PBXTargetDependency */ = {
			isa = PBXTargetDependency;
			target = 9944D2581FD9682A00E9540D /* PhotoSlider */;
			targetProxy = 9944D26E1FD9682A00E9540D /* PBXContainerItemProxy */;
		};
		9944D27A1FD9682A00E9540D /* PBXTargetDependency */ = {
			isa = PBXTargetDependency;
			target = 9944D2581FD9682A00E9540D /* PhotoSlider */;
			targetProxy = 9944D2791FD9682A00E9540D /* PBXContainerItemProxy */;
		};
/* End PBXTargetDependency section */

/* Begin PBXVariantGroup section */
		9944D2651FD9682A00E9540D /* LaunchScreen.storyboard */ = {
			isa = PBXVariantGroup;
			children = (
				9944D2661FD9682A00E9540D /* Base */,
			);
			name = LaunchScreen.storyboard;
			sourceTree = "<group>";
		};
/* End PBXVariantGroup section */

/* Begin XCBuildConfiguration section */
		9944D27F1FD9682A00E9540D /* Debug */ = {
			isa = XCBuildConfiguration;
			buildSettings = {
				ALWAYS_SEARCH_USER_PATHS = NO;
				CLANG_ANALYZER_NONNULL = YES;
				CLANG_ANALYZER_NUMBER_OBJECT_CONVERSION = YES_AGGRESSIVE;
				CLANG_CXX_LANGUAGE_STANDARD = "gnu++14";
				CLANG_CXX_LIBRARY = "libc++";
				CLANG_ENABLE_MODULES = YES;
				CLANG_ENABLE_OBJC_ARC = YES;
				CLANG_WARN_BLOCK_CAPTURE_AUTORELEASING = YES;
				CLANG_WARN_BOOL_CONVERSION = YES;
				CLANG_WARN_COMMA = YES;
				CLANG_WARN_CONSTANT_CONVERSION = YES;
				CLANG_WARN_DIRECT_OBJC_ISA_USAGE = YES_ERROR;
				CLANG_WARN_DOCUMENTATION_COMMENTS = YES;
				CLANG_WARN_EMPTY_BODY = YES;
				CLANG_WARN_ENUM_CONVERSION = YES;
				CLANG_WARN_INFINITE_RECURSION = YES;
				CLANG_WARN_INT_CONVERSION = YES;
				CLANG_WARN_NON_LITERAL_NULL_CONVERSION = YES;
				CLANG_WARN_OBJC_LITERAL_CONVERSION = YES;
				CLANG_WARN_OBJC_ROOT_CLASS = YES_ERROR;
				CLANG_WARN_RANGE_LOOP_ANALYSIS = YES;
				CLANG_WARN_STRICT_PROTOTYPES = YES;
				CLANG_WARN_SUSPICIOUS_MOVE = YES;
				CLANG_WARN_UNGUARDED_AVAILABILITY = YES_AGGRESSIVE;
				CLANG_WARN_UNREACHABLE_CODE = YES;
				CLANG_WARN__DUPLICATE_METHOD_MATCH = YES;
				CODE_SIGN_IDENTITY = "iPhone Developer";
				COPY_PHASE_STRIP = NO;
				DEBUG_INFORMATION_FORMAT = dwarf;
				ENABLE_STRICT_OBJC_MSGSEND = YES;
				ENABLE_TESTABILITY = YES;
				GCC_C_LANGUAGE_STANDARD = gnu11;
				GCC_DYNAMIC_NO_PIC = NO;
				GCC_NO_COMMON_BLOCKS = YES;
				GCC_OPTIMIZATION_LEVEL = 0;
				GCC_PREPROCESSOR_DEFINITIONS = (
					"DEBUG=1",
					"$(inherited)",
				);
				GCC_WARN_64_TO_32_BIT_CONVERSION = YES;
				GCC_WARN_ABOUT_RETURN_TYPE = YES_ERROR;
				GCC_WARN_UNDECLARED_SELECTOR = YES;
				GCC_WARN_UNINITIALIZED_AUTOS = YES_AGGRESSIVE;
				GCC_WARN_UNUSED_FUNCTION = YES;
				GCC_WARN_UNUSED_VARIABLE = YES;
				IPHONEOS_DEPLOYMENT_TARGET = 11.0;
				MTL_ENABLE_DEBUG_INFO = YES;
				ONLY_ACTIVE_ARCH = YES;
				SDKROOT = iphoneos;
				SWIFT_ACTIVE_COMPILATION_CONDITIONS = DEBUG;
				SWIFT_OPTIMIZATION_LEVEL = "-Onone";
			};
			name = Debug;
		};
		9944D2801FD9682A00E9540D /* Release */ = {
			isa = XCBuildConfiguration;
			buildSettings = {
				ALWAYS_SEARCH_USER_PATHS = NO;
				CLANG_ANALYZER_NONNULL = YES;
				CLANG_ANALYZER_NUMBER_OBJECT_CONVERSION = YES_AGGRESSIVE;
				CLANG_CXX_LANGUAGE_STANDARD = "gnu++14";
				CLANG_CXX_LIBRARY = "libc++";
				CLANG_ENABLE_MODULES = YES;
				CLANG_ENABLE_OBJC_ARC = YES;
				CLANG_WARN_BLOCK_CAPTURE_AUTORELEASING = YES;
				CLANG_WARN_BOOL_CONVERSION = YES;
				CLANG_WARN_COMMA = YES;
				CLANG_WARN_CONSTANT_CONVERSION = YES;
				CLANG_WARN_DIRECT_OBJC_ISA_USAGE = YES_ERROR;
				CLANG_WARN_DOCUMENTATION_COMMENTS = YES;
				CLANG_WARN_EMPTY_BODY = YES;
				CLANG_WARN_ENUM_CONVERSION = YES;
				CLANG_WARN_INFINITE_RECURSION = YES;
				CLANG_WARN_INT_CONVERSION = YES;
				CLANG_WARN_NON_LITERAL_NULL_CONVERSION = YES;
				CLANG_WARN_OBJC_LITERAL_CONVERSION = YES;
				CLANG_WARN_OBJC_ROOT_CLASS = YES_ERROR;
				CLANG_WARN_RANGE_LOOP_ANALYSIS = YES;
				CLANG_WARN_STRICT_PROTOTYPES = YES;
				CLANG_WARN_SUSPICIOUS_MOVE = YES;
				CLANG_WARN_UNGUARDED_AVAILABILITY = YES_AGGRESSIVE;
				CLANG_WARN_UNREACHABLE_CODE = YES;
				CLANG_WARN__DUPLICATE_METHOD_MATCH = YES;
				CODE_SIGN_IDENTITY = "iPhone Developer";
				COPY_PHASE_STRIP = NO;
				DEBUG_INFORMATION_FORMAT = "dwarf-with-dsym";
				ENABLE_NS_ASSERTIONS = NO;
				ENABLE_STRICT_OBJC_MSGSEND = YES;
				GCC_C_LANGUAGE_STANDARD = gnu11;
				GCC_NO_COMMON_BLOCKS = YES;
				GCC_WARN_64_TO_32_BIT_CONVERSION = YES;
				GCC_WARN_ABOUT_RETURN_TYPE = YES_ERROR;
				GCC_WARN_UNDECLARED_SELECTOR = YES;
				GCC_WARN_UNINITIALIZED_AUTOS = YES_AGGRESSIVE;
				GCC_WARN_UNUSED_FUNCTION = YES;
				GCC_WARN_UNUSED_VARIABLE = YES;
				IPHONEOS_DEPLOYMENT_TARGET = 11.0;
				MTL_ENABLE_DEBUG_INFO = NO;
				SDKROOT = iphoneos;
				SWIFT_OPTIMIZATION_LEVEL = "-Owholemodule";
				VALIDATE_PRODUCT = YES;
			};
			name = Release;
		};
		9944D2821FD9682A00E9540D /* Debug */ = {
			isa = XCBuildConfiguration;
			baseConfigurationReference = CEAED36262C60E2A3A10D7C5 /* Pods-PhotoSlider.debug.xcconfig */;
			buildSettings = {
				ASSETCATALOG_COMPILER_APPICON_NAME = AppIcon;
				CODE_SIGN_STYLE = Automatic;
				DEVELOPMENT_TEAM = NLEX2P4E7K;
				INFOPLIST_FILE = "$(SRCROOT)/PhotoSlider/Support/Info.plist";
				IPHONEOS_DEPLOYMENT_TARGET = 9.0;
				LD_RUNPATH_SEARCH_PATHS = "$(inherited) @executable_path/Frameworks";
				PRODUCT_BUNDLE_IDENTIFIER = dooho.PhotoSlider;
				PRODUCT_NAME = "$(TARGET_NAME)";
				SWIFT_VERSION = 4.0;
				TARGETED_DEVICE_FAMILY = "1,2";
			};
			name = Debug;
		};
		9944D2831FD9682A00E9540D /* Release */ = {
			isa = XCBuildConfiguration;
			baseConfigurationReference = 9BBD39D0921683D4EADE20EA /* Pods-PhotoSlider.release.xcconfig */;
			buildSettings = {
				ASSETCATALOG_COMPILER_APPICON_NAME = AppIcon;
				CODE_SIGN_STYLE = Automatic;
				DEVELOPMENT_TEAM = NLEX2P4E7K;
				INFOPLIST_FILE = "$(SRCROOT)/PhotoSlider/Support/Info.plist";
				IPHONEOS_DEPLOYMENT_TARGET = 9.0;
				LD_RUNPATH_SEARCH_PATHS = "$(inherited) @executable_path/Frameworks";
				PRODUCT_BUNDLE_IDENTIFIER = dooho.PhotoSlider;
				PRODUCT_NAME = "$(TARGET_NAME)";
				SWIFT_VERSION = 4.0;
				TARGETED_DEVICE_FAMILY = "1,2";
			};
			name = Release;
		};
		9944D2851FD9682A00E9540D /* Debug */ = {
			isa = XCBuildConfiguration;
			baseConfigurationReference = AD1FEC45B1493CCD9FBAAB66 /* Pods-PhotoSliderTests.debug.xcconfig */;
			buildSettings = {
				ALWAYS_EMBED_SWIFT_STANDARD_LIBRARIES = YES;
				BUNDLE_LOADER = "$(TEST_HOST)";
				CODE_SIGN_STYLE = Automatic;
				DEVELOPMENT_TEAM = NLEX2P4E7K;
				INFOPLIST_FILE = PhotoSliderTests/Info.plist;
				LD_RUNPATH_SEARCH_PATHS = "$(inherited) @executable_path/Frameworks @loader_path/Frameworks";
				PRODUCT_BUNDLE_IDENTIFIER = dooho.PhotoSliderTests;
				PRODUCT_NAME = "$(TARGET_NAME)";
				SWIFT_VERSION = 4.0;
				TARGETED_DEVICE_FAMILY = "1,2";
				TEST_HOST = "$(BUILT_PRODUCTS_DIR)/PhotoSlider.app/PhotoSlider";
			};
			name = Debug;
		};
		9944D2861FD9682A00E9540D /* Release */ = {
			isa = XCBuildConfiguration;
			baseConfigurationReference = 7D106F0F260348CCC75111CB /* Pods-PhotoSliderTests.release.xcconfig */;
			buildSettings = {
				ALWAYS_EMBED_SWIFT_STANDARD_LIBRARIES = YES;
				BUNDLE_LOADER = "$(TEST_HOST)";
				CODE_SIGN_STYLE = Automatic;
				DEVELOPMENT_TEAM = NLEX2P4E7K;
				INFOPLIST_FILE = PhotoSliderTests/Info.plist;
				LD_RUNPATH_SEARCH_PATHS = "$(inherited) @executable_path/Frameworks @loader_path/Frameworks";
				PRODUCT_BUNDLE_IDENTIFIER = dooho.PhotoSliderTests;
				PRODUCT_NAME = "$(TARGET_NAME)";
				SWIFT_VERSION = 4.0;
				TARGETED_DEVICE_FAMILY = "1,2";
				TEST_HOST = "$(BUILT_PRODUCTS_DIR)/PhotoSlider.app/PhotoSlider";
			};
			name = Release;
		};
		9944D2881FD9682A00E9540D /* Debug */ = {
			isa = XCBuildConfiguration;
			baseConfigurationReference = D9077740785E74B0B5E1B2B7 /* Pods-PhotoSliderUITests.debug.xcconfig */;
			buildSettings = {
				ALWAYS_EMBED_SWIFT_STANDARD_LIBRARIES = YES;
				CODE_SIGN_STYLE = Automatic;
				DEVELOPMENT_TEAM = NLEX2P4E7K;
				INFOPLIST_FILE = PhotoSliderUITests/Info.plist;
				LD_RUNPATH_SEARCH_PATHS = "$(inherited) @executable_path/Frameworks @loader_path/Frameworks";
				PRODUCT_BUNDLE_IDENTIFIER = dooho.PhotoSliderUITests;
				PRODUCT_NAME = "$(TARGET_NAME)";
				SWIFT_VERSION = 4.0;
				TARGETED_DEVICE_FAMILY = "1,2";
				TEST_TARGET_NAME = PhotoSlider;
			};
			name = Debug;
		};
		9944D2891FD9682A00E9540D /* Release */ = {
			isa = XCBuildConfiguration;
			baseConfigurationReference = 394A3F925C327055ED877CE4 /* Pods-PhotoSliderUITests.release.xcconfig */;
			buildSettings = {
				ALWAYS_EMBED_SWIFT_STANDARD_LIBRARIES = YES;
				CODE_SIGN_STYLE = Automatic;
				DEVELOPMENT_TEAM = NLEX2P4E7K;
				INFOPLIST_FILE = PhotoSliderUITests/Info.plist;
				LD_RUNPATH_SEARCH_PATHS = "$(inherited) @executable_path/Frameworks @loader_path/Frameworks";
				PRODUCT_BUNDLE_IDENTIFIER = dooho.PhotoSliderUITests;
				PRODUCT_NAME = "$(TARGET_NAME)";
				SWIFT_VERSION = 4.0;
				TARGETED_DEVICE_FAMILY = "1,2";
				TEST_TARGET_NAME = PhotoSlider;
			};
			name = Release;
		};
/* End XCBuildConfiguration section */

/* Begin XCConfigurationList section */
		9944D2541FD9682A00E9540D /* Build configuration list for PBXProject "PhotoSlider" */ = {
			isa = XCConfigurationList;
			buildConfigurations = (
				9944D27F1FD9682A00E9540D /* Debug */,
				9944D2801FD9682A00E9540D /* Release */,
			);
			defaultConfigurationIsVisible = 0;
			defaultConfigurationName = Release;
		};
		9944D2811FD9682A00E9540D /* Build configuration list for PBXNativeTarget "PhotoSlider" */ = {
			isa = XCConfigurationList;
			buildConfigurations = (
				9944D2821FD9682A00E9540D /* Debug */,
				9944D2831FD9682A00E9540D /* Release */,
			);
			defaultConfigurationIsVisible = 0;
			defaultConfigurationName = Release;
		};
		9944D2841FD9682A00E9540D /* Build configuration list for PBXNativeTarget "PhotoSliderTests" */ = {
			isa = XCConfigurationList;
			buildConfigurations = (
				9944D2851FD9682A00E9540D /* Debug */,
				9944D2861FD9682A00E9540D /* Release */,
			);
			defaultConfigurationIsVisible = 0;
			defaultConfigurationName = Release;
		};
		9944D2871FD9682A00E9540D /* Build configuration list for PBXNativeTarget "PhotoSliderUITests" */ = {
			isa = XCConfigurationList;
			buildConfigurations = (
				9944D2881FD9682A00E9540D /* Debug */,
				9944D2891FD9682A00E9540D /* Release */,
			);
			defaultConfigurationIsVisible = 0;
			defaultConfigurationName = Release;
		};
/* End XCConfigurationList section */
	};
	rootObject = 9944D2511FD9682A00E9540D /* Project object */;
}
